
Microsoft Visual Studio Solution File, Format Version 12.00
# Visual Studio 15
VisualStudioVersion = 15.0.27703.2042
MinimumVisualStudioVersion = 10.0.40219.1
Project("{FAE04EC0-301F-11D3-BF4B-00C04F79EFBC}") = "ClassLibrary", "Class Library\ClassLibrary.csproj", "{30029452-BA29-46EB-B9F5-BBF30B1F03B3}"
EndProject
Project("{FAE04EC0-301F-11D3-BF4B-00C04F79EFBC}") = "Test Framework", "Test Framework\Test Framework.csproj", "{77CDFFF9-8B9D-4B4C-BB06-9330A027136D}"
EndProject
Project("{E24C65DC-7377-472B-9ABA-BC803B73C61A}") = "WebSite2", "WebSite2\", "{79A5D075-29CF-48BC-A6D7-3414038577AD}"
	ProjectSection(WebsiteProperties) = preProject
		TargetFrameworkMoniker = ".NETFramework,Version%3Dv4.6.1"
		Debug.AspNetCompiler.VirtualPath = "/localhost_32957"
		Debug.AspNetCompiler.PhysicalPath = "WebSite2\"
		Debug.AspNetCompiler.TargetPath = "PrecompiledWeb\localhost_32957\"
		Debug.AspNetCompiler.Updateable = "true"
		Debug.AspNetCompiler.ForceOverwrite = "true"
		Debug.AspNetCompiler.FixedNames = "false"
		Debug.AspNetCompiler.Debug = "True"
		Release.AspNetCompiler.VirtualPath = "/localhost_32957"
		Release.AspNetCompiler.PhysicalPath = "WebSite2\"
		Release.AspNetCompiler.TargetPath = "PrecompiledWeb\localhost_32957\"
		Release.AspNetCompiler.Updateable = "true"
		Release.AspNetCompiler.ForceOverwrite = "true"
		Release.AspNetCompiler.FixedNames = "false"
		Release.AspNetCompiler.Debug = "False"
		VWDPort = "32957"
		SlnRelativePath = "WebSite2\"
		DefaultWebSiteLanguage = "Visual C#"
	EndProjectSection
EndProject
Project("{2150E333-8FDC-42A3-9474-1A3956D46DE8}") = "App_data", "App_data", "{2F4689A0-E604-4CA6-BBB9-75918424BACF}"
	ProjectSection(SolutionItems) = preProject
		App_data\Cart.mdf = App_data\Cart.mdf
	EndProjectSection
EndProject
Project("{FAE04EC0-301F-11D3-BF4B-00C04F79EFBC}") = "ClassLibrary2", "ClassLibrary2\ClassLibrary2.csproj", "{69309B92-773D-4CCC-8241-E27B7C31C684}"
EndProject
Project("{FAE04EC0-301F-11D3-BF4B-00C04F79EFBC}") = "Back end", "Back end\Back end.csproj", "{ED824CEE-3CA1-4F94-84D3-5718964DE93F}"
EndProject
Project("{2150E333-8FDC-42A3-9474-1A3956D46DE8}") = ".vs", ".vs", "{D0B30CCC-EB9D-4314-A115-162340137159}"
	ProjectSection(SolutionItems) = preProject
		.vs\ProjectSettings.json = .vs\ProjectSettings.json
		.vs\slnx.sqlite = .vs\slnx.sqlite
		.vs\VSWorkspaceState.json = .vs\VSWorkspaceState.json
	EndProjectSection
EndProject
Project("{2150E333-8FDC-42A3-9474-1A3956D46DE8}") = "airline vs 4", "airline vs 4", "{B610A0E2-873D-4F3A-83CF-6CD21FAFA402}"
EndProject
Project("{2150E333-8FDC-42A3-9474-1A3956D46DE8}") = "v15", "v15", "{9386DACF-8468-457C-91D7-A5AFC37F62E6}"
	ProjectSection(SolutionItems) = preProject
		.vs\airline vs 4\v15\.suo = .vs\airline vs 4\v15\.suo
	EndProjectSection
EndProject
Global
	GlobalSection(SolutionConfigurationPlatforms) = preSolution
		Debug|Any CPU = Debug|Any CPU
		Release|Any CPU = Release|Any CPU
	EndGlobalSection
	GlobalSection(ProjectConfigurationPlatforms) = postSolution
		{30029452-BA29-46EB-B9F5-BBF30B1F03B3}.Debug|Any CPU.ActiveCfg = Debug|Any CPU
		{30029452-BA29-46EB-B9F5-BBF30B1F03B3}.Debug|Any CPU.Build.0 = Debug|Any CPU
		{30029452-BA29-46EB-B9F5-BBF30B1F03B3}.Release|Any CPU.ActiveCfg = Release|Any CPU
		{30029452-BA29-46EB-B9F5-BBF30B1F03B3}.Release|Any CPU.Build.0 = Release|Any CPU
		{77CDFFF9-8B9D-4B4C-BB06-9330A027136D}.Debug|Any CPU.ActiveCfg = Debug|Any CPU
		{77CDFFF9-8B9D-4B4C-BB06-9330A027136D}.Debug|Any CPU.Build.0 = Debug|Any CPU
		{77CDFFF9-8B9D-4B4C-BB06-9330A027136D}.Release|Any CPU.ActiveCfg = Release|Any CPU
		{77CDFFF9-8B9D-4B4C-BB06-9330A027136D}.Release|Any CPU.Build.0 = Release|Any CPU
		{79A5D075-29CF-48BC-A6D7-3414038577AD}.Debug|Any CPU.ActiveCfg = Debug|Any CPU
		{79A5D075-29CF-48BC-A6D7-3414038577AD}.Debug|Any CPU.Build.0 = Debug|Any CPU
		{79A5D075-29CF-48BC-A6D7-3414038577AD}.Release|Any CPU.ActiveCfg = Debug|Any CPU
		{79A5D075-29CF-48BC-A6D7-3414038577AD}.Release|Any CPU.Build.0 = Debug|Any CPU
		{69309B92-773D-4CCC-8241-E27B7C31C684}.Debug|Any CPU.ActiveCfg = Debug|Any CPU
		{69309B92-773D-4CCC-8241-E27B7C31C684}.Debug|Any CPU.Build.0 = Debug|Any CPU
		{69309B92-773D-4CCC-8241-E27B7C31C684}.Release|Any CPU.ActiveCfg = Release|Any CPU
		{69309B92-773D-4CCC-8241-E27B7C31C684}.Release|Any CPU.Build.0 = Release|Any CPU
		{ED824CEE-3CA1-4F94-84D3-5718964DE93F}.Debug|Any CPU.ActiveCfg = Debug|Any CPU
		{ED824CEE-3CA1-4F94-84D3-5718964DE93F}.Debug|Any CPU.Build.0 = Debug|Any CPU
		{ED824CEE-3CA1-4F94-84D3-5718964DE93F}.Release|Any CPU.ActiveCfg = Release|Any CPU
		{ED824CEE-3CA1-4F94-84D3-5718964DE93F}.Release|Any CPU.Build.0 = Release|Any CPU
	EndGlobalSection
	GlobalSection(SolutionProperties) = preSolution
		HideSolutionNode = FALSE
	EndGlobalSection
	GlobalSection(NestedProjects) = preSolution
		{B610A0E2-873D-4F3A-83CF-6CD21FAFA402} = {D0B30CCC-EB9D-4314-A115-162340137159}
		{9386DACF-8468-457C-91D7-A5AFC37F62E6} = {B610A0E2-873D-4F3A-83CF-6CD21FAFA402}
	EndGlobalSection
	GlobalSection(ExtensibilityGlobals) = postSolution
		SolutionGuid = {3F561192-80F6-42B5-89B4-30948DFBFC95}
	EndGlobalSection
EndGlobal
